github.com/pkg/errors v0.9.1 h1:FEBLx1zS214owpjy7qsBeixbURkuhQAwrK5UwLGTwt4=
github.com/pkg/errors v0.9.1/go.mod h1:bwawxfHBFNV+L2hUp1rHADufV3IMtnDRdf1r5NINEl0=
github.com/wuc656/syso v0.0.3 h1:OTi0SRJikqobnrcoWhd/cQYKhic3ZJ1xmZCgyuy52iQ=
github.com/wuc656/syso v0.0.3/go.mod h1:rYohEik7bXCDHOSELnAW/HlIHWTOdpsoOQQNwdNCQKg=
